{
  "name": "Health Scoreboard",
  "lockfileVersion": 3,
  "requires": true,
  "packages": {
    "": {
      "devDependencies": {
        "@minecraft/server": "^1.3.0-beta.1.20.0-preview.25"
      }
    },
    "node_modules/@minecraft/server": {
      "version": "1.3.0-beta.1.20.0-preview.25",
      "resolved": "https://registry.npmjs.org/@minecraft/server/-/server-1.3.0-beta.1.20.0-preview.25.tgz",
      "integrity": "sha512-cRWB+CaDiaPUyyMF3NidvXDsa9dpUar1VWOad7GfMKdFqu5VxwkaQJWo5Q0pOLll7//FQVTG3DnbP1cgRE5cfw==",
      "dev": true
    }
  }
}
